
Microsoft Visual Studio Solution File, Format Version 12.00
# Visual Studio Version 17
VisualStudioVersion = 17.4.33205.214
MinimumVisualStudioVersion = 10.0.40219.1
Project("{2150E333-8FDC-42A3-9474-1A3956D46DE8}") = "Src", "Src", "{47A3ECB5-811F-43F7-BAB2-E647B3DB69BD}"
EndProject
Project("{2150E333-8FDC-42A3-9474-1A3956D46DE8}") = "Tests", "Tests", "{DAF89896-2726-4C7C-B860-539F61897B93}"
EndProject
Project("{9A19103F-16F7-4668-BE54-9A1E7A4F7556}") = "CoreDomain", "Src\CoreDomain\CoreDomain.csproj", "{211D2AF3-C032-4290-9B78-2FEDFEF2FAA9}"
EndProject
Project("{9A19103F-16F7-4668-BE54-9A1E7A4F7556}") = "xUnitExamples", "Tests\xUnitExamples\xUnitExamples.csproj", "{A80ADCD3-5CE9-46B5-8206-55618EBB460A}"
EndProject
Project("{FAE04EC0-301F-11D3-BF4B-00C04F79EFBC}") = "Infrasture", "Src\Infrasture\Infrasture.csproj", "{691D8B04-E4AF-4B17-A3BD-24208FD19A59}"
EndProject
Project("{FAE04EC0-301F-11D3-BF4B-00C04F79EFBC}") = "WebApi", "Src\WebApi\WebApi.csproj", "{15F27795-199E-4533-8577-499A3C9FF32A}"
EndProject
Project("{FAE04EC0-301F-11D3-BF4B-00C04F79EFBC}") = "xUnitMock", "Tests\xUnitMock\xUnitMock.csproj", "{181B3EEC-86EB-4C0D-9633-9508C3181079}"
EndProject
Global
	GlobalSection(SolutionConfigurationPlatforms) = preSolution
		Debug|Any CPU = Debug|Any CPU
		Release|Any CPU = Release|Any CPU
	EndGlobalSection
	GlobalSection(ProjectConfigurationPlatforms) = postSolution
		{211D2AF3-C032-4290-9B78-2FEDFEF2FAA9}.Debug|Any CPU.ActiveCfg = Debug|Any CPU
		{211D2AF3-C032-4290-9B78-2FEDFEF2FAA9}.Debug|Any CPU.Build.0 = Debug|Any CPU
		{211D2AF3-C032-4290-9B78-2FEDFEF2FAA9}.Release|Any CPU.ActiveCfg = Release|Any CPU
		{211D2AF3-C032-4290-9B78-2FEDFEF2FAA9}.Release|Any CPU.Build.0 = Release|Any CPU
		{A80ADCD3-5CE9-46B5-8206-55618EBB460A}.Debug|Any CPU.ActiveCfg = Debug|Any CPU
		{A80ADCD3-5CE9-46B5-8206-55618EBB460A}.Debug|Any CPU.Build.0 = Debug|Any CPU
		{A80ADCD3-5CE9-46B5-8206-55618EBB460A}.Release|Any CPU.ActiveCfg = Release|Any CPU
		{A80ADCD3-5CE9-46B5-8206-55618EBB460A}.Release|Any CPU.Build.0 = Release|Any CPU
		{691D8B04-E4AF-4B17-A3BD-24208FD19A59}.Debug|Any CPU.ActiveCfg = Debug|Any CPU
		{691D8B04-E4AF-4B17-A3BD-24208FD19A59}.Debug|Any CPU.Build.0 = Debug|Any CPU
		{691D8B04-E4AF-4B17-A3BD-24208FD19A59}.Release|Any CPU.ActiveCfg = Release|Any CPU
		{691D8B04-E4AF-4B17-A3BD-24208FD19A59}.Release|Any CPU.Build.0 = Release|Any CPU
		{15F27795-199E-4533-8577-499A3C9FF32A}.Debug|Any CPU.ActiveCfg = Debug|Any CPU
		{15F27795-199E-4533-8577-499A3C9FF32A}.Debug|Any CPU.Build.0 = Debug|Any CPU
		{15F27795-199E-4533-8577-499A3C9FF32A}.Release|Any CPU.ActiveCfg = Release|Any CPU
		{15F27795-199E-4533-8577-499A3C9FF32A}.Release|Any CPU.Build.0 = Release|Any CPU
		{181B3EEC-86EB-4C0D-9633-9508C3181079}.Debug|Any CPU.ActiveCfg = Debug|Any CPU
		{181B3EEC-86EB-4C0D-9633-9508C3181079}.Debug|Any CPU.Build.0 = Debug|Any CPU
		{181B3EEC-86EB-4C0D-9633-9508C3181079}.Release|Any CPU.ActiveCfg = Release|Any CPU
		{181B3EEC-86EB-4C0D-9633-9508C3181079}.Release|Any CPU.Build.0 = Release|Any CPU
	EndGlobalSection
	GlobalSection(SolutionProperties) = preSolution
		HideSolutionNode = FALSE
	EndGlobalSection
	GlobalSection(NestedProjects) = preSolution
		{211D2AF3-C032-4290-9B78-2FEDFEF2FAA9} = {47A3ECB5-811F-43F7-BAB2-E647B3DB69BD}
		{A80ADCD3-5CE9-46B5-8206-55618EBB460A} = {DAF89896-2726-4C7C-B860-539F61897B93}
		{691D8B04-E4AF-4B17-A3BD-24208FD19A59} = {47A3ECB5-811F-43F7-BAB2-E647B3DB69BD}
		{15F27795-199E-4533-8577-499A3C9FF32A} = {47A3ECB5-811F-43F7-BAB2-E647B3DB69BD}
		{181B3EEC-86EB-4C0D-9633-9508C3181079} = {DAF89896-2726-4C7C-B860-539F61897B93}
	EndGlobalSection
	GlobalSection(ExtensibilityGlobals) = postSolution
		SolutionGuid = {AA6EC4E7-B3F9-4645-B30B-D9FB6E3D3ECE}
	EndGlobalSection
EndGlobal
